// !$*UTF8*$!
{
	archiveVersion = 1;
	classes = {
	};
	objectVersion = 55;
	objects = {

/* Begin PBXGroup section */
		8420409428571DF4004DE2FD = {
			isa = PBXGroup;
			children = (
			);
			sourceTree = "<group>";
		};
/* End PBXGroup section */

/* Begin PBXProject section */
		8420409528571DF4004DE2FD /* Project object */ = {
			isa = PBXProject;
			attributes = {
				BuildIndependentTargetsInParallel = 1;
				LastUpgradeCheck = 1340;
			};
			buildConfigurationList = 8420409828571DF4004DE2FD /* Build configuration list for PBXProject "GPU Debug" */;
			compatibilityVersion = "Xcode 13.0";
			developmentRegion = en;
			hasScannedForEncodings = 0;
			knownRegions = (
				en,
				Base,
			);
			mainGroup = 8420409428571DF4004DE2FD;
			projectDirPath = "";
			projectRoot = "";
			targets = (
			);
		};
/* End PBXProject section */

/* Begin XCBuildConfiguration section */
		8420409928571DF4004DE2FD /* Debug */ = {
			isa = XCBuildConfiguration;
			buildSettings = {
				NEW_SETTING = "";
				"NEW_SETTING[arch=*]" = "";
			};
			name = Debug;
		};
		8420409A28571DF4004DE2FD /* Release */ = {
			isa = XCBuildConfiguration;
			buildSettings = {
				NEW_SETTING = "";
			};
			name = Release;
		};
/* End XCBuildConfiguration section */

/* Begin XCConfigurationList section */
		8420409828571DF4004DE2FD /* Build configuration list for PBXProject "GPU Debug" */ = {
			isa = XCConfigurationList;
			buildConfigurations = (
				8420409928571DF4004DE2FD /* Debug */,
				8420409A28571DF4004DE2FD /* Release */,
			);
			defaultConfigurationIsVisible = 0;
			defaultConfigurationName = Release;
		};
/* End XCConfigurationList section */
	};
	rootObject = 8420409528571DF4004DE2FD /* Project object */;
}
